
Microsoft Visual Studio Solution File, Format Version 12.00
# Visual Studio Version 17
VisualStudioVersion = 17.3.32922.545
MinimumVisualStudioVersion = 10.0.40219.1
Project("{9A19103F-16F7-4668-BE54-9A1E7A4F7556}") = "CheckoutApp", "CheckoutApp\CheckoutApp.csproj", "{A865F455-36C1-4404-8E91-9F653737D5D1}"
EndProject
Project("{FAE04EC0-301F-11D3-BF4B-00C04F79EFBC}") = "UnitTests", "UnitTests\UnitTests.csproj", "{BA92AB85-1107-4590-A948-3E338A1CEFD5}"
EndProject
Global
	GlobalSection(SolutionConfigurationPlatforms) = preSolution
		Debug|Any CPU = Debug|Any CPU
		Release|Any CPU = Release|Any CPU
	EndGlobalSection
	GlobalSection(ProjectConfigurationPlatforms) = postSolution
		{A865F455-36C1-4404-8E91-9F653737D5D1}.Debug|Any CPU.ActiveCfg = Debug|Any CPU
		{A865F455-36C1-4404-8E91-9F653737D5D1}.Debug|Any CPU.Build.0 = Debug|Any CPU
		{A865F455-36C1-4404-8E91-9F653737D5D1}.Release|Any CPU.ActiveCfg = Release|Any CPU
		{A865F455-36C1-4404-8E91-9F653737D5D1}.Release|Any CPU.Build.0 = Release|Any CPU
		{BA92AB85-1107-4590-A948-3E338A1CEFD5}.Debug|Any CPU.ActiveCfg = Debug|Any CPU
		{BA92AB85-1107-4590-A948-3E338A1CEFD5}.Debug|Any CPU.Build.0 = Debug|Any CPU
		{BA92AB85-1107-4590-A948-3E338A1CEFD5}.Release|Any CPU.ActiveCfg = Release|Any CPU
		{BA92AB85-1107-4590-A948-3E338A1CEFD5}.Release|Any CPU.Build.0 = Release|Any CPU
	EndGlobalSection
	GlobalSection(SolutionProperties) = preSolution
		HideSolutionNode = FALSE
	EndGlobalSection
	GlobalSection(ExtensibilityGlobals) = postSolution
		SolutionGuid = {9BBBB839-55B3-4C1C-A6C3-43DAA710424C}
	EndGlobalSection
EndGlobal
